
Microsoft Visual Studio Solution File, Format Version 12.00
# Visual Studio Version 16
VisualStudioVersion = 16.0.33927.289
MinimumVisualStudioVersion = 10.0.40219.1
Project("{FAE04EC0-301F-11D3-BF4B-00C04F79EFBC}") = "mercadoSA", "mercadoSA\mercadoSA.csproj", "{BCCD96E6-10E3-488F-98ED-B5472F6F1A4A}"
EndProject
Global
	GlobalSection(SolutionConfigurationPlatforms) = preSolution
		Debug|Any CPU = Debug|Any CPU
		Release|Any CPU = Release|Any CPU
	EndGlobalSection
	GlobalSection(ProjectConfigurationPlatforms) = postSolution
		{BCCD96E6-10E3-488F-98ED-B5472F6F1A4A}.Debug|Any CPU.ActiveCfg = Debug|Any CPU
		{BCCD96E6-10E3-488F-98ED-B5472F6F1A4A}.Debug|Any CPU.Build.0 = Debug|Any CPU
		{BCCD96E6-10E3-488F-98ED-B5472F6F1A4A}.Release|Any CPU.ActiveCfg = Release|Any CPU
		{BCCD96E6-10E3-488F-98ED-B5472F6F1A4A}.Release|Any CPU.Build.0 = Release|Any CPU
	EndGlobalSection
	GlobalSection(SolutionProperties) = preSolution
		HideSolutionNode = FALSE
	EndGlobalSection
	GlobalSection(ExtensibilityGlobals) = postSolution
		SolutionGuid = {3C617410-F0F5-46B3-9530-16ED93798D9D}
	EndGlobalSection
EndGlobal
